
Microsoft Visual Studio Solution File, Format Version 12.00
# Visual Studio 15
VisualStudioVersion = 15.0.28307.329
MinimumVisualStudioVersion = 10.0.40219.1
Project("{FAE04EC0-301F-11D3-BF4B-00C04F79EFBC}") = "PageObject", "PageObject\PageObject.csproj", "{D521C077-B5B5-49F5-B470-CA8A25429755}"
EndProject
Global
	GlobalSection(SolutionConfigurationPlatforms) = preSolution
		Debug|Any CPU = Debug|Any CPU
		Release|Any CPU = Release|Any CPU
	EndGlobalSection
	GlobalSection(ProjectConfigurationPlatforms) = postSolution
		{D521C077-B5B5-49F5-B470-CA8A25429755}.Debug|Any CPU.ActiveCfg = Debug|Any CPU
		{D521C077-B5B5-49F5-B470-CA8A25429755}.Debug|Any CPU.Build.0 = Debug|Any CPU
		{D521C077-B5B5-49F5-B470-CA8A25429755}.Release|Any CPU.ActiveCfg = Release|Any CPU
		{D521C077-B5B5-49F5-B470-CA8A25429755}.Release|Any CPU.Build.0 = Release|Any CPU
	EndGlobalSection
	GlobalSection(SolutionProperties) = preSolution
		HideSolutionNode = FALSE
	EndGlobalSection
	GlobalSection(ExtensibilityGlobals) = postSolution
		SolutionGuid = {70429EF0-C6F6-4854-BBF2-294765FAEF0D}
	EndGlobalSection
EndGlobal
